
Microsoft Visual Studio Solution File, Format Version 12.00
# Visual Studio Version 16
VisualStudioVersion = 16.0.28729.10
MinimumVisualStudioVersion = 10.0.40219.1
Project("{9A19103F-16F7-4668-BE54-9A1E7A4F7556}") = "NEVAR-AQC", "NEVAR-AQC\NEVAR-AQC.csproj", "{CEBDC347-76F3-4E7D-BDEF-F7F7625E203C}"
EndProject
Project("{2150E333-8FDC-42A3-9474-1A3956D46DE8}") = "2. Services", "2. Services", "{24CAB0BA-5D2F-433F-BC7E-D7E3EEB4EBAD}"
EndProject
Project("{2150E333-8FDC-42A3-9474-1A3956D46DE8}") = "4. Data", "4. Data", "{CAF01741-5A52-4035-92DD-CDE7B5CA88F8}"
EndProject
Project("{2150E333-8FDC-42A3-9474-1A3956D46DE8}") = "5. Cross", "5. Cross", "{FBF1E9E1-575F-4556-A41F-E8E44FAC5250}"
EndProject
Project("{2150E333-8FDC-42A3-9474-1A3956D46DE8}") = "1. Web", "1. Web", "{EB6177E6-D7EA-444B-8ED4-C93EF02CA88A}"
EndProject
Project("{9A19103F-16F7-4668-BE54-9A1E7A4F7556}") = "NEVAR-AQC.Data", "NEVAR-AQC.Data\NEVAR-AQC.Data.csproj", "{C35FD735-923E-409B-88CC-DD6045DD4B75}"
EndProject
Project("{9A19103F-16F7-4668-BE54-9A1E7A4F7556}") = "NEVAR-AQC.Core", "NEVAR-AQC.Core\NEVAR-AQC.Core.csproj", "{C4FA101B-4C29-43B5-83FF-30FCFDAD7AD3}"
EndProject
Project("{9A19103F-16F7-4668-BE54-9A1E7A4F7556}") = "NEVAR-AQC.Service", "NEVAR-AQC.Service\NEVAR-AQC.Service.csproj", "{5DAE3313-6B1C-4B40-AF3F-A15EF7EFA439}"
EndProject
Project("{9A19103F-16F7-4668-BE54-9A1E7A4F7556}") = "NEVAR-AQC.Service.Facade", "NEVAR-AQC.Service.Facade\NEVAR-AQC.Service.Facade.csproj", "{525EF5F9-4BED-4B46-8710-00FD9CFB4E43}"
EndProject
Project("{9A19103F-16F7-4668-BE54-9A1E7A4F7556}") = "NEVAR-AQC.Data.EF", "NEVAR-AQC.Data.EF\NEVAR-AQC.Data.EF.csproj", "{C6F9545A-7EBA-439B-9556-3D19C5804CC9}"
EndProject
Project("{9A19103F-16F7-4668-BE54-9A1E7A4F7556}") = "NEVAR-AQC.Mapper", "NEVAR-AQC.Mapper\NEVAR-AQC.Mapper.csproj", "{93479B0A-87F1-4717-9883-A5C11E8E6885}"
EndProject
Project("{9A19103F-16F7-4668-BE54-9A1E7A4F7556}") = "NEVAR-AQC.Test", "NEVAR-AQC.Test\NEVAR-AQC.Test.csproj", "{52B01652-4854-4D87-ABD9-0D2744B86C19}"
EndProject
Project("{2150E333-8FDC-42A3-9474-1A3956D46DE8}") = "3. Business", "3. Business", "{406F2A65-7701-402F-9AB1-DF89942A6C22}"
EndProject
Project("{9A19103F-16F7-4668-BE54-9A1E7A4F7556}") = "NEVAR-AQC.Business", "NEVAR-AQC.Business\NEVAR-AQC.Business.csproj", "{FF350C38-F713-4103-A8CA-D9A62A37A64D}"
EndProject
Project("{9A19103F-16F7-4668-BE54-9A1E7A4F7556}") = "NEVAR-AQC.Business.Logic", "NEVAR-AQC.Business.Logic\NEVAR-AQC.Business.Logic.csproj", "{AEEE521C-5286-44F1-9297-66A1F655575E}"
EndProject
Global
	GlobalSection(SolutionConfigurationPlatforms) = preSolution
		Debug|Any CPU = Debug|Any CPU
		Release|Any CPU = Release|Any CPU
	EndGlobalSection
	GlobalSection(ProjectConfigurationPlatforms) = postSolution
		{CEBDC347-76F3-4E7D-BDEF-F7F7625E203C}.Debug|Any CPU.ActiveCfg = Debug|Any CPU
		{CEBDC347-76F3-4E7D-BDEF-F7F7625E203C}.Debug|Any CPU.Build.0 = Debug|Any CPU
		{CEBDC347-76F3-4E7D-BDEF-F7F7625E203C}.Release|Any CPU.ActiveCfg = Release|Any CPU
		{CEBDC347-76F3-4E7D-BDEF-F7F7625E203C}.Release|Any CPU.Build.0 = Release|Any CPU
		{C35FD735-923E-409B-88CC-DD6045DD4B75}.Debug|Any CPU.ActiveCfg = Debug|Any CPU
		{C35FD735-923E-409B-88CC-DD6045DD4B75}.Debug|Any CPU.Build.0 = Debug|Any CPU
		{C35FD735-923E-409B-88CC-DD6045DD4B75}.Release|Any CPU.ActiveCfg = Release|Any CPU
		{C35FD735-923E-409B-88CC-DD6045DD4B75}.Release|Any CPU.Build.0 = Release|Any CPU
		{C4FA101B-4C29-43B5-83FF-30FCFDAD7AD3}.Debug|Any CPU.ActiveCfg = Debug|Any CPU
		{C4FA101B-4C29-43B5-83FF-30FCFDAD7AD3}.Debug|Any CPU.Build.0 = Debug|Any CPU
		{C4FA101B-4C29-43B5-83FF-30FCFDAD7AD3}.Release|Any CPU.ActiveCfg = Release|Any CPU
		{C4FA101B-4C29-43B5-83FF-30FCFDAD7AD3}.Release|Any CPU.Build.0 = Release|Any CPU
		{5DAE3313-6B1C-4B40-AF3F-A15EF7EFA439}.Debug|Any CPU.ActiveCfg = Debug|Any CPU
		{5DAE3313-6B1C-4B40-AF3F-A15EF7EFA439}.Debug|Any CPU.Build.0 = Debug|Any CPU
		{5DAE3313-6B1C-4B40-AF3F-A15EF7EFA439}.Release|Any CPU.ActiveCfg = Release|Any CPU
		{5DAE3313-6B1C-4B40-AF3F-A15EF7EFA439}.Release|Any CPU.Build.0 = Release|Any CPU
		{525EF5F9-4BED-4B46-8710-00FD9CFB4E43}.Debug|Any CPU.ActiveCfg = Debug|Any CPU
		{525EF5F9-4BED-4B46-8710-00FD9CFB4E43}.Debug|Any CPU.Build.0 = Debug|Any CPU
		{525EF5F9-4BED-4B46-8710-00FD9CFB4E43}.Release|Any CPU.ActiveCfg = Release|Any CPU
		{525EF5F9-4BED-4B46-8710-00FD9CFB4E43}.Release|Any CPU.Build.0 = Release|Any CPU
		{C6F9545A-7EBA-439B-9556-3D19C5804CC9}.Debug|Any CPU.ActiveCfg = Debug|Any CPU
		{C6F9545A-7EBA-439B-9556-3D19C5804CC9}.Debug|Any CPU.Build.0 = Debug|Any CPU
		{C6F9545A-7EBA-439B-9556-3D19C5804CC9}.Release|Any CPU.ActiveCfg = Release|Any CPU
		{C6F9545A-7EBA-439B-9556-3D19C5804CC9}.Release|Any CPU.Build.0 = Release|Any CPU
		{93479B0A-87F1-4717-9883-A5C11E8E6885}.Debug|Any CPU.ActiveCfg = Debug|Any CPU
		{93479B0A-87F1-4717-9883-A5C11E8E6885}.Debug|Any CPU.Build.0 = Debug|Any CPU
		{93479B0A-87F1-4717-9883-A5C11E8E6885}.Release|Any CPU.ActiveCfg = Release|Any CPU
		{93479B0A-87F1-4717-9883-A5C11E8E6885}.Release|Any CPU.Build.0 = Release|Any CPU
		{52B01652-4854-4D87-ABD9-0D2744B86C19}.Debug|Any CPU.ActiveCfg = Debug|Any CPU
		{52B01652-4854-4D87-ABD9-0D2744B86C19}.Debug|Any CPU.Build.0 = Debug|Any CPU
		{52B01652-4854-4D87-ABD9-0D2744B86C19}.Release|Any CPU.ActiveCfg = Release|Any CPU
		{52B01652-4854-4D87-ABD9-0D2744B86C19}.Release|Any CPU.Build.0 = Release|Any CPU
		{FF350C38-F713-4103-A8CA-D9A62A37A64D}.Debug|Any CPU.ActiveCfg = Debug|Any CPU
		{FF350C38-F713-4103-A8CA-D9A62A37A64D}.Debug|Any CPU.Build.0 = Debug|Any CPU
		{FF350C38-F713-4103-A8CA-D9A62A37A64D}.Release|Any CPU.ActiveCfg = Release|Any CPU
		{FF350C38-F713-4103-A8CA-D9A62A37A64D}.Release|Any CPU.Build.0 = Release|Any CPU
		{AEEE521C-5286-44F1-9297-66A1F655575E}.Debug|Any CPU.ActiveCfg = Debug|Any CPU
		{AEEE521C-5286-44F1-9297-66A1F655575E}.Debug|Any CPU.Build.0 = Debug|Any CPU
		{AEEE521C-5286-44F1-9297-66A1F655575E}.Release|Any CPU.ActiveCfg = Release|Any CPU
		{AEEE521C-5286-44F1-9297-66A1F655575E}.Release|Any CPU.Build.0 = Release|Any CPU
	EndGlobalSection
	GlobalSection(SolutionProperties) = preSolution
		HideSolutionNode = FALSE
	EndGlobalSection
	GlobalSection(NestedProjects) = preSolution
		{CEBDC347-76F3-4E7D-BDEF-F7F7625E203C} = {EB6177E6-D7EA-444B-8ED4-C93EF02CA88A}
		{C35FD735-923E-409B-88CC-DD6045DD4B75} = {CAF01741-5A52-4035-92DD-CDE7B5CA88F8}
		{C4FA101B-4C29-43B5-83FF-30FCFDAD7AD3} = {FBF1E9E1-575F-4556-A41F-E8E44FAC5250}
		{5DAE3313-6B1C-4B40-AF3F-A15EF7EFA439} = {24CAB0BA-5D2F-433F-BC7E-D7E3EEB4EBAD}
		{525EF5F9-4BED-4B46-8710-00FD9CFB4E43} = {24CAB0BA-5D2F-433F-BC7E-D7E3EEB4EBAD}
		{C6F9545A-7EBA-439B-9556-3D19C5804CC9} = {CAF01741-5A52-4035-92DD-CDE7B5CA88F8}
		{93479B0A-87F1-4717-9883-A5C11E8E6885} = {FBF1E9E1-575F-4556-A41F-E8E44FAC5250}
		{52B01652-4854-4D87-ABD9-0D2744B86C19} = {FBF1E9E1-575F-4556-A41F-E8E44FAC5250}
		{FF350C38-F713-4103-A8CA-D9A62A37A64D} = {406F2A65-7701-402F-9AB1-DF89942A6C22}
		{AEEE521C-5286-44F1-9297-66A1F655575E} = {406F2A65-7701-402F-9AB1-DF89942A6C22}
	EndGlobalSection
	GlobalSection(ExtensibilityGlobals) = postSolution
		SolutionGuid = {55215988-899A-4648-94C1-0B4FDDB9BB4B}
	EndGlobalSection
EndGlobal
